dependencies:
- name: frontend
  repository: file://../frontend
  version: 0.3.4
- name: api
  repository: file://../api
  version: 0.2.3
- name: openapi
  repository: file://../openapi
  version: 0.7.7
- name: db
  repository: file://../db
  version: 0.1.4
digest: sha256:b90bb5a0b944018942db852334c3cea6ed97e0e783f522c66d66c57f9c3d1001
generated: "2026-08-17T20:35:42.331285463-04:00"
